// !$*UTF8*$!
{
	archiveVersion = 1;
	classes = {
	};
	objectVersion = 46;
	objects = {

/* Begin PBXBuildFile section */
		3B5CBE841C592210006F7FF8 /* AppDelegate.swift in Sources */ = {isa = PBXBuildFile; fileRef = 3B5CBE831C592210006F7FF8 /* AppDelegate.swift */; };
		3B5CBE991C592210006F7FF8 /* SwiftWeiBoTests.swift in Sources */ = {isa = PBXBuildFile; fileRef = 3B5CBE981C592210006F7FF8 /* SwiftWeiBoTests.swift */; };
		3B5CBEA41C592210006F7FF8 /* SwiftWeiBoUITests.swift in Sources */ = {isa = PBXBuildFile; fileRef = 3B5CBEA31C592210006F7FF8 /* SwiftWeiBoUITests.swift */; };
		3BCBC1501C59B81000A14794 /* Assets.xcassets in Resources */ = {isa = PBXBuildFile; fileRef = 3BCBC14F1C59B81000A14794 /* Assets.xcassets */; };
		3BCBC15C1C59C13F00A14794 /* MainTabBarViewController.swift in Sources */ = {isa = PBXBuildFile; fileRef = 3BCBC15B1C59C13F00A14794 /* MainTabBarViewController.swift */; };
		3BCBC15E1C59C1D300A14794 /* HomeTableViewController.swift in Sources */ = {isa = PBXBuildFile; fileRef = 3BCBC15D1C59C1D300A14794 /* HomeTableViewController.swift */; };
		3BCBC1601C59C21F00A14794 /* DisCoverTableViewController.swift in Sources */ = {isa = PBXBuildFile; fileRef = 3BCBC15F1C59C21F00A14794 /* DisCoverTableViewController.swift */; };
		3BCBC1621C59C25300A14794 /* MessageTableViewController.swift in Sources */ = {isa = PBXBuildFile; fileRef = 3BCBC1611C59C25300A14794 /* MessageTableViewController.swift */; };
		3BCBC1641C59C26800A14794 /* ProfileTableViewController.swift in Sources */ = {isa = PBXBuildFile; fileRef = 3BCBC1631C59C26800A14794 /* ProfileTableViewController.swift */; };
		3BCBC1681C59F15900A14794 /* MainVCSettings.json in Resources */ = {isa = PBXBuildFile; fileRef = 3BCBC1661C59F15900A14794 /* MainVCSettings.json */; };
		3BCBC1691C59F15900A14794 /* NullViewController.swift in Sources */ = {isa = PBXBuildFile; fileRef = 3BCBC1671C59F15900A14794 /* NullViewController.swift */; };
/* End PBXBuildFile section */

/* Begin PBXContainerItemProxy section */
		3B5CBE951C592210006F7FF8 /* PBXContainerItemProxy */ = {
			isa = PBXContainerItemProxy;
			containerPortal = 3B5CBE781C592210006F7FF8 /* Project object */;
			proxyType = 1;
			remoteGlobalIDString = 3B5CBE7F1C592210006F7FF8;
			remoteInfo = SwiftWeiBo;
		};
		3B5CBEA01C592210006F7FF8 /* PBXContainerItemProxy */ = {
			isa = PBXContainerItemProxy;
			containerPortal = 3B5CBE781C592210006F7FF8 /* Project object */;
			proxyType = 1;
			remoteGlobalIDString = 3B5CBE7F1C592210006F7FF8;
			remoteInfo = SwiftWeiBo;
		};
/* End PBXContainerItemProxy section */

/* Begin PBXFileReference section */
		3B5CBE801C592210006F7FF8 /* SwiftWeiBo.app */ = {isa = PBXFileReference; explicitFileType = wrapper.application; includeInIndex = 0; path = SwiftWeiBo.app; sourceTree = BUILT_PRODUCTS_DIR; };
		3B5CBE831C592210006F7FF8 /* AppDelegate.swift */ = {isa = PBXFileReference; lastKnownFileType = sourcecode.swift; path = AppDelegate.swift; sourceTree = "<group>"; };
		3B5CBE8F1C592210006F7FF8 /* Info.plist */ = {isa = PBXFileReference; lastKnownFileType = text.plist.xml; path = Info.plist; sourceTree = "<group>"; };
		3B5CBE941C592210006F7FF8 /* SwiftWeiBoTests.xctest */ = {isa = PBXFileReference; explicitFileType = wrapper.cfbundle; includeInIndex = 0; path = SwiftWeiBoTests.xctest; sourceTree = BUILT_PRODUCTS_DIR; };
		3B5CBE981C592210006F7FF8 /* SwiftWeiBoTests.swift */ = {isa = PBXFileReference; lastKnownFileType = sourcecode.swift; path = SwiftWeiBoTests.swift; sourceTree = "<group>"; };
		3B5CBE9A1C592210006F7FF8 /* Info.plist */ = {isa = PBXFileReference; lastKnownFileType = text.plist.xml; path = Info.plist; sourceTree = "<group>"; };
		3B5CBE9F1C592210006F7FF8 /* SwiftWeiBoUITests.xctest */ = {isa = PBXFileReference; explicitFileType = wrapper.cfbundle; includeInIndex = 0; path = SwiftWeiBoUITests.xctest; sourceTree = BUILT_PRODUCTS_DIR; };
		3B5CBEA31C592210006F7FF8 /* SwiftWeiBoUITests.swift */ = {isa = PBXFileReference; lastKnownFileType = sourcecode.swift; path = SwiftWeiBoUITests.swift; sourceTree = "<group>"; };
		3B5CBEA51C592210006F7FF8 /* Info.plist */ = {isa = PBXFileReference; lastKnownFileType = text.plist.xml; path = Info.plist; sourceTree = "<group>"; };
		3BCBC14F1C59B81000A14794 /* Assets.xcassets */ = {isa = PBXFileReference; lastKnownFileType = folder.assetcatalog; path = Assets.xcassets; sourceTree = "<group>"; };
		3BCBC15B1C59C13F00A14794 /* MainTabBarViewController.swift */ = {isa = PBXFileReference; fileEncoding = 4; lastKnownFileType = sourcecode.swift; path = MainTabBarViewController.swift; sourceTree = "<group>"; };
		3BCBC15D1C59C1D300A14794 /* HomeTableViewController.swift */ = {isa = PBXFileReference; fileEncoding = 4; lastKnownFileType = sourcecode.swift; path = HomeTableViewController.swift; sourceTree = "<group>"; };
		3BCBC15F1C59C21F00A14794 /* DisCoverTableViewController.swift */ = {isa = PBXFileReference; fileEncoding = 4; lastKnownFileType = sourcecode.swift; path = DisCoverTableViewController.swift; sourceTree = "<group>"; };
		3BCBC1611C59C25300A14794 /* MessageTableViewController.swift */ = {isa = PBXFileReference; fileEncoding = 4; lastKnownFileType = sourcecode.swift; path = MessageTableViewController.swift; sourceTree = "<group>"; };
		3BCBC1631C59C26800A14794 /* ProfileTableViewController.swift */ = {isa = PBXFileReference; fileEncoding = 4; lastKnownFileType = sourcecode.swift; path = ProfileTableViewController.swift; sourceTree = "<group>"; };
		3BCBC1661C59F15900A14794 /* MainVCSettings.json */ = {isa = PBXFileReference; fileEncoding = 4; lastKnownFileType = text.json; path = MainVCSettings.json; sourceTree = "<group>"; };
		3BCBC1671C59F15900A14794 /* NullViewController.swift */ = {isa = PBXFileReference; fileEncoding = 4; lastKnownFileType = sourcecode.swift; path = NullViewController.swift; sourceTree = "<group>"; };
/* End PBXFileReference section */

/* Begin PBXFrameworksBuildPhase section */
		3B5CBE7D1C592210006F7FF8 /* Frameworks */ = {
			isa = PBXFrameworksBuildPhase;
			buildActionMask = 2147483647;
			files = (
			);
			runOnlyForDeploymentPostprocessing = 0;
		};
		3B5CBE911C592210006F7FF8 /* Frameworks */ = {
			isa = PBXFrameworksBuildPhase;
			buildActionMask = 2147483647;
			files = (
			);
			runOnlyForDeploymentPostprocessing = 0;
		};
		3B5CBE9C1C592210006F7FF8 /* Frameworks */ = {
			isa = PBXFrameworksBuildPhase;
			buildActionMask = 2147483647;
			files = (
			);
			runOnlyForDeploymentPostprocessing = 0;
		};
/* End PBXFrameworksBuildPhase section */

/* Begin PBXGroup section */
		3B5CBE771C592210006F7FF8 = {
			isa = PBXGroup;
			children = (
				3B5CBE821C592210006F7FF8 /* SwiftWeiBo */,
				3B5CBE971C592210006F7FF8 /* SwiftWeiBoTests */,
				3B5CBEA21C592210006F7FF8 /* SwiftWeiBoUITests */,
				3B5CBE811C592210006F7FF8 /* Products */,
			);
			sourceTree = "<group>";
		};
		3B5CBE811C592210006F7FF8 /* Products */ = {
			isa = PBXGroup;
			children = (
				3B5CBE801C592210006F7FF8 /* SwiftWeiBo.app */,
				3B5CBE941C592210006F7FF8 /* SwiftWeiBoTests.xctest */,
				3B5CBE9F1C592210006F7FF8 /* SwiftWeiBoUITests.xctest */,
			);
			name = Products;
			sourceTree = "<group>";
		};
		3B5CBE821C592210006F7FF8 /* SwiftWeiBo */ = {
			isa = PBXGroup;
			children = (
				3B5CBE831C592210006F7FF8 /* AppDelegate.swift */,
				3BCBC1511C59C02D00A14794 /* Classes */,
				3BCBC14F1C59B81000A14794 /* Assets.xcassets */,
				3B5CBE8F1C592210006F7FF8 /* Info.plist */,
			);
			path = SwiftWeiBo;
			sourceTree = "<group>";
		};
		3B5CBE971C592210006F7FF8 /* SwiftWeiBoTests */ = {
			isa = PBXGroup;
			children = (
				3B5CBE981C592210006F7FF8 /* SwiftWeiBoTests.swift */,
				3B5CBE9A1C592210006F7FF8 /* Info.plist */,
			);
			path = SwiftWeiBoTests;
			sourceTree = "<group>";
		};
		3B5CBEA21C592210006F7FF8 /* SwiftWeiBoUITests */ = {
			isa = PBXGroup;
			children = (
				3B5CBEA31C592210006F7FF8 /* SwiftWeiBoUITests.swift */,
				3B5CBEA51C592210006F7FF8 /* Info.plist */,
			);
			path = SwiftWeiBoUITests;
			sourceTree = "<group>";
		};
		3BCBC1511C59C02D00A14794 /* Classes */ = {
			isa = PBXGroup;
			children = (
				3BCBC1521C59C02D00A14794 /* Common */,
				3BCBC1531C59C02D00A14794 /* Discover */,
				3BCBC1541C59C02D00A14794 /* Home */,
				3BCBC1551C59C02D00A14794 /* Main */,
				3BCBC1561C59C02D00A14794 /* Message */,
				3BCBC1571C59C02D00A14794 /* Profile */,
				3BCBC1581C59C02D00A14794 /* Tools */,
			);
			path = Classes;
			sourceTree = "<group>";
		};
		3BCBC1521C59C02D00A14794 /* Common */ = {
			isa = PBXGroup;
			children = (
			);
			path = Common;
			sourceTree = "<group>";
		};
		3BCBC1531C59C02D00A14794 /* Discover */ = {
			isa = PBXGroup;
			children = (
				3BCBC15F1C59C21F00A14794 /* DisCoverTableViewController.swift */,
			);
			name = Discover;
			path = Diccover;
			sourceTree = "<group>";
		};
		3BCBC1541C59C02D00A14794 /* Home */ = {
			isa = PBXGroup;
			children = (
				3BCBC15D1C59C1D300A14794 /* HomeTableViewController.swift */,
			);
			path = Home;
			sourceTree = "<group>";
		};
		3BCBC1551C59C02D00A14794 /* Main */ = {
			isa = PBXGroup;
			children = (
				3BCBC15B1C59C13F00A14794 /* MainTabBarViewController.swift */,
				3BCBC1651C59F15900A14794 /* Resource */,
			);
			path = Main;
			sourceTree = "<group>";
		};
		3BCBC1561C59C02D00A14794 /* Message */ = {
			isa = PBXGroup;
			children = (
				3BCBC1611C59C25300A14794 /* MessageTableViewController.swift */,
			);
			path = Message;
			sourceTree = "<group>";
		};
		3BCBC1571C59C02D00A14794 /* Profile */ = {
			isa = PBXGroup;
			children = (
				3BCBC1631C59C26800A14794 /* ProfileTableViewController.swift */,
			);
			path = Profile;
			sourceTree = "<group>";
		};
		3BCBC1581C59C02D00A14794 /* Tools */ = {
			isa = PBXGroup;
			children = (
			);
			path = Tools;
			sourceTree = "<group>";
		};
		3BCBC1651C59F15900A14794 /* Resource */ = {
			isa = PBXGroup;
			children = (
				3BCBC1661C59F15900A14794 /* MainVCSettings.json */,
				3BCBC1671C59F15900A14794 /* NullViewController.swift */,
			);
			path = Resource;
			sourceTree = "<group>";
		};
/* End PBXGroup section */

/* Begin PBXNativeTarget section */
		3B5CBE7F1C592210006F7FF8 /* SwiftWeiBo */ = {
			isa = PBXNativeTarget;
			buildConfigurationList = 3B5CBEA81C592210006F7FF8 /* Build configuration list for PBXNativeTarget "SwiftWeiBo" */;
			buildPhases = (
				3B5CBE7C1C592210006F7FF8 /* Sources */,
				3B5CBE7D1C592210006F7FF8 /* Frameworks */,
				3B5CBE7E1C592210006F7FF8 /* Resources */,
			);
			buildRules = (
			);
			dependencies = (
			);
			name = SwiftWeiBo;
			productName = SwiftWeiBo;
			productReference = 3B5CBE801C592210006F7FF8 /* SwiftWeiBo.app */;
			productType = "com.apple.product-type.application";
		};
		3B5CBE931C592210006F7FF8 /* SwiftWeiBoTests */ = {
			isa = PBXNativeTarget;
			buildConfigurationList = 3B5CBEAB1C592210006F7FF8 /* Build configuration list for PBXNativeTarget "SwiftWeiBoTests" */;
			buildPhases = (
				3B5CBE901C592210006F7FF8 /* Sources */,
				3B5CBE911C592210006F7FF8 /* Frameworks */,
				3B5CBE921C592210006F7FF8 /* Resources */,
			);
			buildRules = (
			);
			dependencies = (
				3B5CBE961C592210006F7FF8 /* PBXTargetDependency */,
			);
			name = SwiftWeiBoTests;
			productName = SwiftWeiBoTests;
			productReference = 3B5CBE941C592210006F7FF8 /* SwiftWeiBoTests.xctest */;
			productType = "com.apple.product-type.bundle.unit-test";
		};
		3B5CBE9E1C592210006F7FF8 /* SwiftWeiBoUITests */ = {
			isa = PBXNativeTarget;
			buildConfigurationList = 3B5CBEAE1C592210006F7FF8 /* Build configuration list for PBXNativeTarget "SwiftWeiBoUITests" */;
			buildPhases = (
				3B5CBE9B1C592210006F7FF8 /* Sources */,
				3B5CBE9C1C592210006F7FF8 /* Frameworks */,
				3B5CBE9D1C592210006F7FF8 /* Resources */,
			);
			buildRules = (
			);
			dependencies = (
				3B5CBEA11C592210006F7FF8 /* PBXTargetDependency */,
			);
			name = SwiftWeiBoUITests;
			productName = SwiftWeiBoUITests;
			productReference = 3B5CBE9F1C592210006F7FF8 /* SwiftWeiBoUITests.xctest */;
			productType = "com.apple.product-type.bundle.ui-testing";
		};
/* End PBXNativeTarget section */

/* Begin PBXProject section */
		3B5CBE781C592210006F7FF8 /* Project object */ = {
			isa = PBXProject;
			attributes = {
				LastSwiftUpdateCheck = 0710;
				LastUpgradeCheck = 0710;
				ORGANIZATIONNAME = CQ;
				TargetAttributes = {
					3B5CBE7F1C592210006F7FF8 = {
						CreatedOnToolsVersion = 7.1;
						DevelopmentTeam = AH2S7JJ8V8;
					};
					3B5CBE931C592210006F7FF8 = {
						CreatedOnToolsVersion = 7.1;
						DevelopmentTeam = AH2S7JJ8V8;
						TestTargetID = 3B5CBE7F1C592210006F7FF8;
					};
					3B5CBE9E1C592210006F7FF8 = {
						CreatedOnToolsVersion = 7.1;
						DevelopmentTeam = AH2S7JJ8V8;
						TestTargetID = 3B5CBE7F1C592210006F7FF8;
					};
				};
			};
			buildConfigurationList = 3B5CBE7B1C592210006F7FF8 /* Build configuration list for PBXProject "SwiftWeiBo" */;
			compatibilityVersion = "Xcode 3.2";
			developmentRegion = English;
			hasScannedForEncodings = 0;
			knownRegions = (
				en,
				Base,
			);
			mainGroup = 3B5CBE771C592210006F7FF8;
			productRefGroup = 3B5CBE811C592210006F7FF8 /* Products */;
			projectDirPath = "";
			projectRoot = "";
			targets = (
				3B5CBE7F1C592210006F7FF8 /* SwiftWeiBo */,
				3B5CBE931C592210006F7FF8 /* SwiftWeiBoTests */,
				3B5CBE9E1C592210006F7FF8 /* SwiftWeiBoUITests */,
			);
		};
/* End PBXProject section */

/* Begin PBXResourcesBuildPhase section */
		3B5CBE7E1C592210006F7FF8 /* Resources */ = {
			isa = PBXResourcesBuildPhase;
			buildActionMask = 2147483647;
			files = (
				3BCBC1681C59F15900A14794 /* MainVCSettings.json in Resources */,
				3BCBC1501C59B81000A14794 /* Assets.xcassets in Resources */,
			);
			runOnlyForDeploymentPostprocessing = 0;
		};
		3B5CBE921C592210006F7FF8 /* Resources */ = {
			isa = PBXResourcesBuildPhase;
			buildActionMask = 2147483647;
			files = (
			);
			runOnlyForDeploymentPostprocessing = 0;
		};
		3B5CBE9D1C592210006F7FF8 /* Resources */ = {
			isa = PBXResourcesBuildPhase;
			buildActionMask = 2147483647;
			files = (
			);
			runOnlyForDeploymentPostprocessing = 0;
		};
/* End PBXResourcesBuildPhase section */

/* Begin PBXSourcesBuildPhase section */
		3B5CBE7C1C592210006F7FF8 /* Sources */ = {
			isa = PBXSourcesBuildPhase;
			buildActionMask = 2147483647;
			files = (
				3BCBC1641C59C26800A14794 /* ProfileTableViewController.swift in Sources */,
				3BCBC15E1C59C1D300A14794 /* HomeTableViewController.swift in Sources */,
				3BCBC15C1C59C13F00A14794 /* MainTabBarViewController.swift in Sources */,
				3BCBC1601C59C21F00A14794 /* DisCoverTableViewController.swift in Sources */,
				3BCBC1621C59C25300A14794 /* MessageTableViewController.swift in Sources */,
				3B5CBE841C592210006F7FF8 /* AppDelegate.swift in Sources */,
				3BCBC1691C59F15900A14794 /* NullViewController.swift in Sources */,
			);
			runOnlyForDeploymentPostprocessing = 0;
		};
		3B5CBE901C592210006F7FF8 /* Sources */ = {
			isa = PBXSourcesBuildPhase;
			buildActionMask = 2147483647;
			files = (
				3B5CBE991C592210006F7FF8 /* SwiftWeiBoTests.swift in Sources */,
			);
			runOnlyForDeploymentPostprocessing = 0;
		};
		3B5CBE9B1C592210006F7FF8 /* Sources */ = {
			isa = PBXSourcesBuildPhase;
			buildActionMask = 2147483647;
			files = (
				3B5CBEA41C592210006F7FF8 /* SwiftWeiBoUITests.swift in Sources */,
			);
			runOnlyForDeploymentPostprocessing = 0;
		};
/* End PBXSourcesBuildPhase section */

/* Begin PBXTargetDependency section */
		3B5CBE961C592210006F7FF8 /* PBXTargetDependency */ = {
			isa = PBXTargetDependency;
			target = 3B5CBE7F1C592210006F7FF8 /* SwiftWeiBo */;
			targetProxy = 3B5CBE951C592210006F7FF8 /* PBXContainerItemProxy */;
		};
		3B5CBEA11C592210006F7FF8 /* PBXTargetDependency */ = {
			isa = PBXTargetDependency;
			target = 3B5CBE7F1C592210006F7FF8 /* SwiftWeiBo */;
			targetProxy = 3B5CBEA01C592210006F7FF8 /* PBXContainerItemProxy */;
		};
/* End PBXTargetDependency section */

/* Begin XCBuildConfiguration section */
		3B5CBEA61C592210006F7FF8 /* Debug */ = {
			isa = XCBuildConfiguration;
			buildSettings = {
				ALWAYS_SEARCH_USER_PATHS = NO;
				CLANG_CXX_LANGUAGE_STANDARD = "gnu++0x";
				CLANG_CXX_LIBRARY = "libc++";
				CLANG_ENABLE_MODULES = YES;
				CLANG_ENABLE_OBJC_ARC = YES;
				CLANG_WARN_BOOL_CONVERSION = YES;
				CLANG_WARN_CONSTANT_CONVERSION = YES;
				CLANG_WARN_DIRECT_OBJC_ISA_USAGE = YES_ERROR;
				CLANG_WARN_EMPTY_BODY = YES;
				CLANG_WARN_ENUM_CONVERSION = YES;
				CLANG_WARN_INT_CONVERSION = YES;
				CLANG_WARN_OBJC_ROOT_CLASS = YES_ERROR;
				CLANG_WARN_UNREACHABLE_CODE = YES;
				CLANG_WARN__DUPLICATE_METHOD_MATCH = YES;
				"CODE_SIGN_IDENTITY[sdk=iphoneos*]" = "iPhone Developer";
				COPY_PHASE_STRIP = NO;
				DEBUG_INFORMATION_FORMAT = dwarf;
				ENABLE_STRICT_OBJC_MSGSEND = YES;
				ENABLE_TESTABILITY = YES;
				GCC_C_LANGUAGE_STANDARD = gnu99;
				GCC_DYNAMIC_NO_PIC = NO;
				GCC_NO_COMMON_BLOCKS = YES;
				GCC_OPTIMIZATION_LEVEL = 0;
				GCC_PREPROCESSOR_DEFINITIONS = (
					"DEBUG=1",
					"$(inherited)",
				);
				GCC_WARN_64_TO_32_BIT_CONVERSION = YES;
				GCC_WARN_ABOUT_RETURN_TYPE = YES_ERROR;
				GCC_WARN_UNDECLARED_SELECTOR = YES;
				GCC_WARN_UNINITIALIZED_AUTOS = YES_AGGRESSIVE;
				GCC_WARN_UNUSED_FUNCTION = YES;
				GCC_WARN_UNUSED_VARIABLE = YES;
				IPHONEOS_DEPLOYMENT_TARGET = 9.1;
				MTL_ENABLE_DEBUG_INFO = YES;
				ONLY_ACTIVE_ARCH = YES;
				SDKROOT = iphoneos;
				SWIFT_OPTIMIZATION_LEVEL = "-Onone";
			};
			name = Debug;
		};
		3B5CBEA71C592210006F7FF8 /* Release */ = {
			isa = XCBuildConfiguration;
			buildSettings = {
				ALWAYS_SEARCH_USER_PATHS = NO;
				CLANG_CXX_LANGUAGE_STANDARD = "gnu++0x";
				CLANG_CXX_LIBRARY = "libc++";
				CLANG_ENABLE_MODULES = YES;
				CLANG_ENABLE_OBJC_ARC = YES;
				CLANG_WARN_BOOL_CONVERSION = YES;
				CLANG_WARN_CONSTANT_CONVERSION = YES;
				CLANG_WARN_DIRECT_OBJC_ISA_USAGE = YES_ERROR;
				CLANG_WARN_EMPTY_BODY = YES;
				CLANG_WARN_ENUM_CONVERSION = YES;
				CLANG_WARN_INT_CONVERSION = YES;
				CLANG_WARN_OBJC_ROOT_CLASS = YES_ERROR;
				CLANG_WARN_UNREACHABLE_CODE = YES;
				CLANG_WARN__DUPLICATE_METHOD_MATCH = YES;
				"CODE_SIGN_IDENTITY[sdk=iphoneos*]" = "iPhone Developer";
				COPY_PHASE_STRIP = NO;
				DEBUG_INFORMATION_FORMAT = "dwarf-with-dsym";
				ENABLE_NS_ASSERTIONS = NO;
				ENABLE_STRICT_OBJC_MSGSEND = YES;
				GCC_C_LANGUAGE_STANDARD = gnu99;
				GCC_NO_COMMON_BLOCKS = YES;
				GCC_WARN_64_TO_32_BIT_CONVERSION = YES;
				GCC_WARN_ABOUT_RETURN_TYPE = YES_ERROR;
				GCC_WARN_UNDECLARED_SELECTOR = YES;
				GCC_WARN_UNINITIALIZED_AUTOS = YES_AGGRESSIVE;
				GCC_WARN_UNUSED_FUNCTION = YES;
				GCC_WARN_UNUSED_VARIABLE = YES;
				IPHONEOS_DEPLOYMENT_TARGET = 9.1;
				MTL_ENABLE_DEBUG_INFO = NO;
				SDKROOT = iphoneos;
				VALIDATE_PRODUCT = YES;
			};
			name = Release;
		};
		3B5CBEA91C592210006F7FF8 /* Debug */ = {
			isa = XCBuildConfiguration;
			buildSettings = {
				ASSETCATALOG_COMPILER_APPICON_NAME = AppIcon;
				ASSETCATALOG_COMPILER_LAUNCHIMAGE_NAME = LaunchImage;
				INFOPLIST_FILE = SwiftWeiBo/Info.plist;
				IPHONEOS_DEPLOYMENT_TARGET = 7.0;
				LD_RUNPATH_SEARCH_PATHS = "$(inherited) @executable_path/Frameworks";
				PRODUCT_BUNDLE_IDENTIFIER = com.ashaj.SwiftWeiBo;
				PRODUCT_NAME = "$(TARGET_NAME)";
			};
			name = Debug;
		};
		3B5CBEAA1C592210006F7FF8 /* Release */ = {
			isa = XCBuildConfiguration;
			buildSettings = {
				ASSETCATALOG_COMPILER_APPICON_NAME = AppIcon;
				ASSETCATALOG_COMPILER_LAUNCHIMAGE_NAME = LaunchImage;
				INFOPLIST_FILE = SwiftWeiBo/Info.plist;
				IPHONEOS_DEPLOYMENT_TARGET = 7.0;
				LD_RUNPATH_SEARCH_PATHS = "$(inherited) @executable_path/Frameworks";
				PRODUCT_BUNDLE_IDENTIFIER = com.ashaj.SwiftWeiBo;
				PRODUCT_NAME = "$(TARGET_NAME)";
			};
			name = Release;
		};
		3B5CBEAC1C592210006F7FF8 /* Debug */ = {
			isa = XCBuildConfiguration;
			buildSettings = {
				BUNDLE_LOADER = "$(TEST_HOST)";
				INFOPLIST_FILE = SwiftWeiBoTests/Info.plist;
				LD_RUNPATH_SEARCH_PATHS = "$(inherited) @executable_path/Frameworks @loader_path/Frameworks";
				PRODUCT_BUNDLE_IDENTIFIER = com.ashaj.SwiftWeiBoTests;
				PRODUCT_NAME = "$(TARGET_NAME)";
				TEST_HOST = "$(BUILT_PRODUCTS_DIR)/SwiftWeiBo.app/SwiftWeiBo";
			};
			name = Debug;
		};
		3B5CBEAD1C592210006F7FF8 /* Release */ = {
			isa = XCBuildConfiguration;
			buildSettings = {
				BUNDLE_LOADER = "$(TEST_HOST)";
				INFOPLIST_FILE = SwiftWeiBoTests/Info.plist;
				LD_RUNPATH_SEARCH_PATHS = "$(inherited) @executable_path/Frameworks @loader_path/Frameworks";
				PRODUCT_BUNDLE_IDENTIFIER = com.ashaj.SwiftWeiBoTests;
				PRODUCT_NAME = "$(TARGET_NAME)";
				TEST_HOST = "$(BUILT_PRODUCTS_DIR)/SwiftWeiBo.app/SwiftWeiBo";
			};
			name = Release;
		};
		3B5CBEAF1C592210006F7FF8 /* Debug */ = {
			isa = XCBuildConfiguration;
			buildSettings = {
				INFOPLIST_FILE = SwiftWeiBoUITests/Info.plist;
				LD_RUNPATH_SEARCH_PATHS = "$(inherited) @executable_path/Frameworks @loader_path/Frameworks";
				PRODUCT_BUNDLE_IDENTIFIER = com.ashaj.SwiftWeiBoUITests;
				PRODUCT_NAME = "$(TARGET_NAME)";
				TEST_TARGET_NAME = SwiftWeiBo;
				USES_XCTRUNNER = YES;
			};
			name = Debug;
		};
		3B5CBEB01C592210006F7FF8 /* Release */ = {
			isa = XCBuildConfiguration;
			buildSettings = {
				INFOPLIST_FILE = SwiftWeiBoUITests/Info.plist;
				LD_RUNPATH_SEARCH_PATHS = "$(inherited) @executable_path/Frameworks @loader_path/Frameworks";
				PRODUCT_BUNDLE_IDENTIFIER = com.ashaj.SwiftWeiBoUITests;
				PRODUCT_NAME = "$(TARGET_NAME)";
				TEST_TARGET_NAME = SwiftWeiBo;
				USES_XCTRUNNER = YES;
			};
			name = Release;
		};
/* End XCBuildConfiguration section */

/* Begin XCConfigurationList section */
		3B5CBE7B1C592210006F7FF8 /* Build configuration list for PBXProject "SwiftWeiBo" */ = {
			isa = XCConfigurationList;
			buildConfigurations = (
				3B5CBEA61C592210006F7FF8 /* Debug */,
				3B5CBEA71C592210006F7FF8 /* Release */,
			);
			defaultConfigurationIsVisible = 0;
			defaultConfigurationName = Release;
		};
		3B5CBEA81C592210006F7FF8 /* Build configuration list for PBXNativeTarget "SwiftWeiBo" */ = {
			isa = XCConfigurationList;
			buildConfigurations = (
				3B5CBEA91C592210006F7FF8 /* Debug */,
				3B5CBEAA1C592210006F7FF8 /* Release */,
			);
			defaultConfigurationIsVisible = 0;
			defaultConfigurationName = Release;
		};
		3B5CBEAB1C592210006F7FF8 /* Build configuration list for PBXNativeTarget "SwiftWeiBoTests" */ = {
			isa = XCConfigurationList;
			buildConfigurations = (
				3B5CBEAC1C592210006F7FF8 /* Debug */,
				3B5CBEAD1C592210006F7FF8 /* Release */,
			);
			defaultConfigurationIsVisible = 0;
			defaultConfigurationName = Release;
		};
		3B5CBEAE1C592210006F7FF8 /* Build configuration list for PBXNativeTarget "SwiftWeiBoUITests" */ = {
			isa = XCConfigurationList;
			buildConfigurations = (
				3B5CBEAF1C592210006F7FF8 /* Debug */,
				3B5CBEB01C592210006F7FF8 /* Release */,
			);
			defaultConfigurationIsVisible = 0;
			defaultConfigurationName = Release;
		};
/* End XCConfigurationList section */
	};
	rootObject = 3B5CBE781C592210006F7FF8 /* Project object */;
}
